// !$*UTF8*$!
{
	archiveVersion = 1;
	classes = {
	};
	objectVersion = 55;
	objects = {

/* Begin PBXBuildFile section */
		7CCE8FE028C7412D00EDFA8C /* AppDelegate.swift in Sources */ = {isa = PBXBuildFile; fileRef = 7CCE8FDF28C7412D00EDFA8C /* AppDelegate.swift */; };
		7CCE8FE228C7412D00EDFA8C /* SceneDelegate.swift in Sources */ = {isa = PBXBuildFile; fileRef = 7CCE8FE128C7412D00EDFA8C /* SceneDelegate.swift */; };
		7CCE8FE428C7412D00EDFA8C /* ViewController.swift in Sources */ = {isa = PBXBuildFile; fileRef = 7CCE8FE328C7412D00EDFA8C /* ViewController.swift */; };
		7CCE8FE728C7412D00EDFA8C /* Main.storyboard in Resources */ = {isa = PBXBuildFile; fileRef = 7CCE8FE528C7412D00EDFA8C /* Main.storyboard */; };
		7CCE8FE928C7412E00EDFA8C /* Assets.xcassets in Resources */ = {isa = PBXBuildFile; fileRef = 7CCE8FE828C7412E00EDFA8C /* Assets.xcassets */; };
		7CCE8FEC28C7412E00EDFA8C /* LaunchScreen.storyboard in Resources */ = {isa = PBXBuildFile; fileRef = 7CCE8FEA28C7412E00EDFA8C /* LaunchScreen.storyboard */; };
		7CCE8FF428C7413800EDFA8C /* ProxyManager.swift in Sources */ = {isa = PBXBuildFile; fileRef = 7CCE8FF328C7413800EDFA8C /* ProxyManager.swift */; };
/* End PBXBuildFile section */

/* Begin PBXFileReference section */
		7CCE8FDC28C7412D00EDFA8C /* WKWebWithProxy.app */ = {isa = PBXFileReference; explicitFileType = wrapper.application; includeInIndex = 0; path = WKWebWithProxy.app; sourceTree = BUILT_PRODUCTS_DIR; };
		7CCE8FDF28C7412D00EDFA8C /* AppDelegate.swift */ = {isa = PBXFileReference; lastKnownFileType = sourcecode.swift; path = AppDelegate.swift; sourceTree = "<group>"; };
		7CCE8FE128C7412D00EDFA8C /* SceneDelegate.swift */ = {isa = PBXFileReference; lastKnownFileType = sourcecode.swift; path = SceneDelegate.swift; sourceTree = "<group>"; };
		7CCE8FE328C7412D00EDFA8C /* ViewController.swift */ = {isa = PBXFileReference; lastKnownFileType = sourcecode.swift; path = ViewController.swift; sourceTree = "<group>"; };
		7CCE8FE628C7412D00EDFA8C /* Base */ = {isa = PBXFileReference; lastKnownFileType = file.storyboard; name = Base; path = Base.lproj/Main.storyboard; sourceTree = "<group>"; };
		7CCE8FE828C7412E00EDFA8C /* Assets.xcassets */ = {isa = PBXFileReference; lastKnownFileType = folder.assetcatalog; path = Assets.xcassets; sourceTree = "<group>"; };
		7CCE8FEB28C7412E00EDFA8C /* Base */ = {isa = PBXFileReference; lastKnownFileType = file.storyboard; name = Base; path = Base.lproj/LaunchScreen.storyboard; sourceTree = "<group>"; };
		7CCE8FED28C7412E00EDFA8C /* Info.plist */ = {isa = PBXFileReference; lastKnownFileType = text.plist.xml; path = Info.plist; sourceTree = "<group>"; };
		7CCE8FF328C7413800EDFA8C /* ProxyManager.swift */ = {isa = PBXFileReference; lastKnownFileType = sourcecode.swift; path = ProxyManager.swift; sourceTree = "<group>"; };
/* End PBXFileReference section */

/* Begin PBXFrameworksBuildPhase section */
		7CCE8FD928C7412D00EDFA8C /* Frameworks */ = {
			isa = PBXFrameworksBuildPhase;
			buildActionMask = 2147483647;
			files = (
			);
			runOnlyForDeploymentPostprocessing = 0;
		};
/* End PBXFrameworksBuildPhase section */

/* Begin PBXGroup section */
		7CCE8FD328C7412D00EDFA8C = {
			isa = PBXGroup;
			children = (
				7CCE8FDE28C7412D00EDFA8C /* WKWebWithProxy */,
				7CCE8FDD28C7412D00EDFA8C /* Products */,
			);
			sourceTree = "<group>";
		};
		7CCE8FDD28C7412D00EDFA8C /* Products */ = {
			isa = PBXGroup;
			children = (
				7CCE8FDC28C7412D00EDFA8C /* WKWebWithProxy.app */,
			);
			name = Products;
			sourceTree = "<group>";
		};
		7CCE8FDE28C7412D00EDFA8C /* WKWebWithProxy */ = {
			isa = PBXGroup;
			children = (
				7CCE8FDF28C7412D00EDFA8C /* AppDelegate.swift */,
				7CCE8FE128C7412D00EDFA8C /* SceneDelegate.swift */,
				7CCE8FE328C7412D00EDFA8C /* ViewController.swift */,
				7CCE8FF328C7413800EDFA8C /* ProxyManager.swift */,
				7CCE8FE528C7412D00EDFA8C /* Main.storyboard */,
				7CCE8FE828C7412E00EDFA8C /* Assets.xcassets */,
				7CCE8FEA28C7412E00EDFA8C /* LaunchScreen.storyboard */,
				7CCE8FED28C7412E00EDFA8C /* Info.plist */,
			);
			path = WKWebWithProxy;
			sourceTree = "<group>";
		};
/* End PBXGroup section */

/* Begin PBXNativeTarget section */
		7CCE8FDB28C7412D00EDFA8C /* WKWebWithProxy */ = {
			isa = PBXNativeTarget;
			buildConfigurationList = 7CCE8FF028C7412E00EDFA8C /* Build configuration list for PBXNativeTarget "WKWebWithProxy" */;
			buildPhases = (
				7CCE8FD828C7412D00EDFA8C /* Sources */,
				7CCE8FD928C7412D00EDFA8C /* Frameworks */,
				7CCE8FDA28C7412D00EDFA8C /* Resources */,
			);
			buildRules = (
			);
			dependencies = (
			);
			name = WKWebWithProxy;
			productName = WKWebWithProxy;
			productReference = 7CCE8FDC28C7412D00EDFA8C /* WKWebWithProxy.app */;
			productType = "com.apple.product-type.application";
		};
/* End PBXNativeTarget section */

/* Begin PBXProject section */
		7CCE8FD428C7412D00EDFA8C /* Project object */ = {
			isa = PBXProject;
			attributes = {
				BuildIndependentTargetsInParallel = 1;
				LastSwiftUpdateCheck = 1340;
				LastUpgradeCheck = 1340;
				TargetAttributes = {
					7CCE8FDB28C7412D00EDFA8C = {
						CreatedOnToolsVersion = 13.4.1;
					};
				};
			};
			buildConfigurationList = 7CCE8FD728C7412D00EDFA8C /* Build configuration list for PBXProject "WKWebWithProxy" */;
			compatibilityVersion = "Xcode 13.0";
			developmentRegion = en;
			hasScannedForEncodings = 0;
			knownRegions = (
				en,
				Base,
			);
			mainGroup = 7CCE8FD328C7412D00EDFA8C;
			productRefGroup = 7CCE8FDD28C7412D00EDFA8C /* Products */;
			projectDirPath = "";
			projectRoot = "";
			targets = (
				7CCE8FDB28C7412D00EDFA8C /* WKWebWithProxy */,
			);
		};
/* End PBXProject section */

/* Begin PBXResourcesBuildPhase section */
		7CCE8FDA28C7412D00EDFA8C /* Resources */ = {
			isa = PBXResourcesBuildPhase;
			buildActionMask = 2147483647;
			files = (
				7CCE8FEC28C7412E00EDFA8C /* LaunchScreen.storyboard in Resources */,
				7CCE8FE928C7412E00EDFA8C /* Assets.xcassets in Resources */,
				7CCE8FE728C7412D00EDFA8C /* Main.storyboard in Resources */,
			);
			runOnlyForDeploymentPostprocessing = 0;
		};
/* End PBXResourcesBuildPhase section */

/* Begin PBXSourcesBuildPhase section */
		7CCE8FD828C7412D00EDFA8C /* Sources */ = {
			isa = PBXSourcesBuildPhase;
			buildActionMask = 2147483647;
			files = (
				7CCE8FE428C7412D00EDFA8C /* ViewController.swift in Sources */,
				7CCE8FE028C7412D00EDFA8C /* AppDelegate.swift in Sources */,
				7CCE8FF428C7413800EDFA8C /* ProxyManager.swift in Sources */,
				7CCE8FE228C7412D00EDFA8C /* SceneDelegate.swift in Sources */,
			);
			runOnlyForDeploymentPostprocessing = 0;
		};
/* End PBXSourcesBuildPhase section */

/* Begin PBXVariantGroup section */
		7CCE8FE528C7412D00EDFA8C /* Main.storyboard */ = {
			isa = PBXVariantGroup;
			children = (
				7CCE8FE628C7412D00EDFA8C /* Base */,
			);
			name = Main.storyboard;
			sourceTree = "<group>";
		};
		7CCE8FEA28C7412E00EDFA8C /* LaunchScreen.storyboard */ = {
			isa = PBXVariantGroup;
			children = (
				7CCE8FEB28C7412E00EDFA8C /* Base */,
			);
			name = LaunchScreen.storyboard;
			sourceTree = "<group>";
		};
/* End PBXVariantGroup section */

/* Begin XCBuildConfiguration section */
		7CCE8FEE28C7412E00EDFA8C /* Debug */ = {
			isa = XCBuildConfiguration;
			buildSettings = {
				ALWAYS_SEARCH_USER_PATHS = NO;
				CLANG_ANALYZER_NONNULL = YES;
				CLANG_ANALYZER_NUMBER_OBJECT_CONVERSION = YES_AGGRESSIVE;
				CLANG_CXX_LANGUAGE_STANDARD = "gnu++17";
				CLANG_ENABLE_MODULES = YES;
				CLANG_ENABLE_OBJC_ARC = YES;
				CLANG_ENABLE_OBJC_WEAK = YES;
				CLANG_WARN_BLOCK_CAPTURE_AUTORELEASING = YES;
				CLANG_WARN_BOOL_CONVERSION = YES;
				CLANG_WARN_COMMA = YES;
				CLANG_WARN_CONSTANT_CONVERSION = YES;
				CLANG_WARN_DEPRECATED_OBJC_IMPLEMENTATIONS = YES;
				CLANG_WARN_DIRECT_OBJC_ISA_USAGE = YES_ERROR;
				CLANG_WARN_DOCUMENTATION_COMMENTS = YES;
				CLANG_WARN_EMPTY_BODY = YES;
				CLANG_WARN_ENUM_CONVERSION = YES;
				CLANG_WARN_INFINITE_RECURSION = YES;
				CLANG_WARN_INT_CONVERSION = YES;
				CLANG_WARN_NON_LITERAL_NULL_CONVERSION = YES;
				CLANG_WARN_OBJC_IMPLICIT_RETAIN_SELF = YES;
				CLANG_WARN_OBJC_LITERAL_CONVERSION = YES;
				CLANG_WARN_OBJC_ROOT_CLASS = YES_ERROR;
				CLANG_WARN_QUOTED_INCLUDE_IN_FRAMEWORK_HEADER = YES;
				CLANG_WARN_RANGE_LOOP_ANALYSIS = YES;
				CLANG_WARN_STRICT_PROTOTYPES = YES;
				CLANG_WARN_SUSPICIOUS_MOVE = YES;
				CLANG_WARN_UNGUARDED_AVAILABILITY = YES_AGGRESSIVE;
				CLANG_WARN_UNREACHABLE_CODE = YES;
				CLANG_WARN__DUPLICATE_METHOD_MATCH = YES;
				COPY_PHASE_STRIP = NO;
				DEBUG_INFORMATION_FORMAT = dwarf;
				ENABLE_STRICT_OBJC_MSGSEND = YES;
				ENABLE_TESTABILITY = YES;
				GCC_C_LANGUAGE_STANDARD = gnu11;
				GCC_DYNAMIC_NO_PIC = NO;
				GCC_NO_COMMON_BLOCKS = YES;
				GCC_OPTIMIZATION_LEVEL = 0;
				GCC_PREPROCESSOR_DEFINITIONS = (
					"DEBUG=1",
					"$(inherited)",
				);
				GCC_WARN_64_TO_32_BIT_CONVERSION = YES;
				GCC_WARN_ABOUT_RETURN_TYPE = YES_ERROR;
				GCC_WARN_UNDECLARED_SELECTOR = YES;
				GCC_WARN_UNINITIALIZED_AUTOS = YES_AGGRESSIVE;
				GCC_WARN_UNUSED_FUNCTION = YES;
				GCC_WARN_UNUSED_VARIABLE = YES;
				IPHONEOS_DEPLOYMENT_TARGET = 15.5;
				MTL_ENABLE_DEBUG_INFO = INCLUDE_SOURCE;
				MTL_FAST_MATH = YES;
				ONLY_ACTIVE_ARCH = YES;
				SDKROOT = iphoneos;
				SWIFT_ACTIVE_COMPILATION_CONDITIONS = DEBUG;
				SWIFT_OPTIMIZATION_LEVEL = "-Onone";
			};
			name = Debug;
		};
		7CCE8FEF28C7412E00EDFA8C /* Release */ = {
			isa = XCBuildConfiguration;
			buildSettings = {
				ALWAYS_SEARCH_USER_PATHS = NO;
				CLANG_ANALYZER_NONNULL = YES;
				CLANG_ANALYZER_NUMBER_OBJECT_CONVERSION = YES_AGGRESSIVE;
				CLANG_CXX_LANGUAGE_STANDARD = "gnu++17";
				CLANG_ENABLE_MODULES = YES;
				CLANG_ENABLE_OBJC_ARC = YES;
				CLANG_ENABLE_OBJC_WEAK = YES;
				CLANG_WARN_BLOCK_CAPTURE_AUTORELEASING = YES;
				CLANG_WARN_BOOL_CONVERSION = YES;
				CLANG_WARN_COMMA = YES;
				CLANG_WARN_CONSTANT_CONVERSION = YES;
				CLANG_WARN_DEPRECATED_OBJC_IMPLEMENTATIONS = YES;
				CLANG_WARN_DIRECT_OBJC_ISA_USAGE = YES_ERROR;
				CLANG_WARN_DOCUMENTATION_COMMENTS = YES;
				CLANG_WARN_EMPTY_BODY = YES;
				CLANG_WARN_ENUM_CONVERSION = YES;
				CLANG_WARN_INFINITE_RECURSION = YES;
				CLANG_WARN_INT_CONVERSION = YES;
				CLANG_WARN_NON_LITERAL_NULL_CONVERSION = YES;
				CLANG_WARN_OBJC_IMPLICIT_RETAIN_SELF = YES;
				CLANG_WARN_OBJC_LITERAL_CONVERSION = YES;
				CLANG_WARN_OBJC_ROOT_CLASS = YES_ERROR;
				CLANG_WARN_QUOTED_INCLUDE_IN_FRAMEWORK_HEADER = YES;
				CLANG_WARN_RANGE_LOOP_ANALYSIS = YES;
				CLANG_WARN_STRICT_PROTOTYPES = YES;
				CLANG_WARN_SUSPICIOUS_MOVE = YES;
				CLANG_WARN_UNGUARDED_AVAILABILITY = YES_AGGRESSIVE;
				CLANG_WARN_UNREACHABLE_CODE = YES;
				CLANG_WARN__DUPLICATE_METHOD_MATCH = YES;
				COPY_PHASE_STRIP = NO;
				DEBUG_INFORMATION_FORMAT = "dwarf-with-dsym";
				ENABLE_NS_ASSERTIONS = NO;
				ENABLE_STRICT_OBJC_MSGSEND = YES;
				GCC_C_LANGUAGE_STANDARD = gnu11;
				GCC_NO_COMMON_BLOCKS = YES;
				GCC_WARN_64_TO_32_BIT_CONVERSION = YES;
				GCC_WARN_ABOUT_RETURN_TYPE = YES_ERROR;
				GCC_WARN_UNDECLARED_SELECTOR = YES;
				GCC_WARN_UNINITIALIZED_AUTOS = YES_AGGRESSIVE;
				GCC_WARN_UNUSED_FUNCTION = YES;
				GCC_WARN_UNUSED_VARIABLE = YES;
				IPHONEOS_DEPLOYMENT_TARGET = 15.5;
				MTL_ENABLE_DEBUG_INFO = NO;
				MTL_FAST_MATH = YES;
				SDKROOT = iphoneos;
				SWIFT_COMPILATION_MODE = wholemodule;
				SWIFT_OPTIMIZATION_LEVEL = "-O";
				VALIDATE_PRODUCT = YES;
			};
			name = Release;
		};
		7CCE8FF128C7412E00EDFA8C /* Debug */ = {
			isa = XCBuildConfiguration;
			buildSettings = {
				ASSETCATALOG_COMPILER_APPICON_NAME = AppIcon;
				ASSETCATALOG_COMPILER_GLOBAL_ACCENT_COLOR_NAME = AccentColor;
				CODE_SIGN_STYLE = Automatic;
				CURRENT_PROJECT_VERSION = 1;
				DEVELOPMENT_TEAM = TUPKQLCCR2;
				GENERATE_INFOPLIST_FILE = YES;
				INFOPLIST_FILE = WKWebWithProxy/Info.plist;
				INFOPLIST_KEY_UIApplicationSupportsIndirectInputEvents = YES;
				INFOPLIST_KEY_UILaunchStoryboardName = LaunchScreen;
				INFOPLIST_KEY_UIMainStoryboardFile = Main;
				INFOPLIST_KEY_UISupportedInterfaceOrientations_iPad = "UIInterfaceOrientationPortrait UIInterfaceOrientationPortraitUpsideDown UIInterfaceOrientationLandscapeLeft UIInterfaceOrientationLandscapeRight";
				INFOPLIST_KEY_UISupportedInterfaceOrientations_iPhone = "UIInterfaceOrientationPortrait UIInterfaceOrientationLandscapeLeft UIInterfaceOrientationLandscapeRight";
				LD_RUNPATH_SEARCH_PATHS = (
					"$(inherited)",
					"@executable_path/Frameworks",
				);
				MARKETING_VERSION = 1.0;
				PRODUCT_BUNDLE_IDENTIFIER = com.deep.dream.WKWebWithProxy;
				PRODUCT_NAME = "$(TARGET_NAME)";
				SWIFT_EMIT_LOC_STRINGS = YES;
				SWIFT_VERSION = 5.0;
				TARGETED_DEVICE_FAMILY = "1,2";
			};
			name = Debug;
		};
		7CCE8FF228C7412E00EDFA8C /* Release */ = {
			isa = XCBuildConfiguration;
			buildSettings = {
				ASSETCATALOG_COMPILER_APPICON_NAME = AppIcon;
				ASSETCATALOG_COMPILER_GLOBAL_ACCENT_COLOR_NAME = AccentColor;
				CODE_SIGN_STYLE = Automatic;
				CURRENT_PROJECT_VERSION = 1;
				DEVELOPMENT_TEAM = TUPKQLCCR2;
				GENERATE_INFOPLIST_FILE = YES;
				INFOPLIST_FILE = WKWebWithProxy/Info.plist;
				INFOPLIST_KEY_UIApplicationSupportsIndirectInputEvents = YES;
				INFOPLIST_KEY_UILaunchStoryboardName = LaunchScreen;
				INFOPLIST_KEY_UIMainStoryboardFile = Main;
				INFOPLIST_KEY_UISupportedInterfaceOrientations_iPad = "UIInterfaceOrientationPortrait UIInterfaceOrientationPortraitUpsideDown UIInterfaceOrientationLandscapeLeft UIInterfaceOrientationLandscapeRight";
				INFOPLIST_KEY_UISupportedInterfaceOrientations_iPhone = "UIInterfaceOrientationPortrait UIInterfaceOrientationLandscapeLeft UIInterfaceOrientationLandscapeRight";
				LD_RUNPATH_SEARCH_PATHS = (
					"$(inherited)",
					"@executable_path/Frameworks",
				);
				MARKETING_VERSION = 1.0;
				PRODUCT_BUNDLE_IDENTIFIER = com.deep.dream.WKWebWithProxy;
				PRODUCT_NAME = "$(TARGET_NAME)";
				SWIFT_EMIT_LOC_STRINGS = YES;
				SWIFT_VERSION = 5.0;
				TARGETED_DEVICE_FAMILY = "1,2";
			};
			name = Release;
		};
/* End XCBuildConfiguration section */

/* Begin XCConfigurationList section */
		7CCE8FD728C7412D00EDFA8C /* Build configuration list for PBXProject "WKWebWithProxy" */ = {
			isa = XCConfigurationList;
			buildConfigurations = (
				7CCE8FEE28C7412E00EDFA8C /* Debug */,
				7CCE8FEF28C7412E00EDFA8C /* Release */,
			);
			defaultConfigurationIsVisible = 0;
			defaultConfigurationName = Release;
		};
		7CCE8FF028C7412E00EDFA8C /* Build configuration list for PBXNativeTarget "WKWebWithProxy" */ = {
			isa = XCConfigurationList;
			buildConfigurations = (
				7CCE8FF128C7412E00EDFA8C /* Debug */,
				7CCE8FF228C7412E00EDFA8C /* Release */,
			);
			defaultConfigurationIsVisible = 0;
			defaultConfigurationName = Release;
		};
/* End XCConfigurationList section */
	};
	rootObject = 7CCE8FD428C7412D00EDFA8C /* Project object */;
}
